
Microsoft Visual Studio Solution File, Format Version 12.00
# Visual Studio 15
VisualStudioVersion = 15.0.28307.572
MinimumVisualStudioVersion = 10.0.40219.1
Project("{FAE04EC0-301F-11D3-BF4B-00C04F79EFBC}") = "INFORMÁTICA (PROJETO)", "INFORMÁTICA (PROJETO)\INFORMÁTICA (PROJETO).csproj", "{1A5FACC2-18E3-4585-A0C6-B798ACD3DA3A}"
EndProject
Global
	GlobalSection(SolutionConfigurationPlatforms) = preSolution
		Debug|Any CPU = Debug|Any CPU
		Release|Any CPU = Release|Any CPU
	EndGlobalSection
	GlobalSection(ProjectConfigurationPlatforms) = postSolution
		{1A5FACC2-18E3-4585-A0C6-B798ACD3DA3A}.Debug|Any CPU.ActiveCfg = Debug|Any CPU
		{1A5FACC2-18E3-4585-A0C6-B798ACD3DA3A}.Debug|Any CPU.Build.0 = Debug|Any CPU
		{1A5FACC2-18E3-4585-A0C6-B798ACD3DA3A}.Release|Any CPU.ActiveCfg = Release|Any CPU
		{1A5FACC2-18E3-4585-A0C6-B798ACD3DA3A}.Release|Any CPU.Build.0 = Release|Any CPU
	EndGlobalSection
	GlobalSection(SolutionProperties) = preSolution
		HideSolutionNode = FALSE
	EndGlobalSection
	GlobalSection(ExtensibilityGlobals) = postSolution
		SolutionGuid = {A0601F7C-51BE-454F-AB93-1759885E5DF6}
	EndGlobalSection
EndGlobal
